
Microsoft Visual Studio Solution File, Format Version 12.00
# Visual Studio 14
VisualStudioVersion = 14.0.25420.1
MinimumVisualStudioVersion = 10.0.40219.1
Project("{FAE04EC0-301F-11D3-BF4B-00C04F79EFBC}") = "WEBAPIDemo", "WEBAPIDemo\WEBAPIDemo.csproj", "{37AC03A6-5573-41CA-9404-4AB05C308A7C}"
EndProject
Project("{FAE04EC0-301F-11D3-BF4B-00C04F79EFBC}") = "EmployeeDataAccess", "EmployeeDataAccess\EmployeeDataAccess.csproj", "{1E829945-5144-4BB8-9045-5EA4A744F636}"
EndProject
Global
	GlobalSection(SolutionConfigurationPlatforms) = preSolution
		Debug|Any CPU = Debug|Any CPU
		Release|Any CPU = Release|Any CPU
	EndGlobalSection
	GlobalSection(ProjectConfigurationPlatforms) = postSolution
		{37AC03A6-5573-41CA-9404-4AB05C308A7C}.Debug|Any CPU.ActiveCfg = Debug|Any CPU
		{37AC03A6-5573-41CA-9404-4AB05C308A7C}.Debug|Any CPU.Build.0 = Debug|Any CPU
		{37AC03A6-5573-41CA-9404-4AB05C308A7C}.Release|Any CPU.ActiveCfg = Release|Any CPU
		{37AC03A6-5573-41CA-9404-4AB05C308A7C}.Release|Any CPU.Build.0 = Release|Any CPU
		{1E829945-5144-4BB8-9045-5EA4A744F636}.Debug|Any CPU.ActiveCfg = Debug|Any CPU
		{1E829945-5144-4BB8-9045-5EA4A744F636}.Debug|Any CPU.Build.0 = Debug|Any CPU
		{1E829945-5144-4BB8-9045-5EA4A744F636}.Release|Any CPU.ActiveCfg = Release|Any CPU
		{1E829945-5144-4BB8-9045-5EA4A744F636}.Release|Any CPU.Build.0 = Release|Any CPU
	EndGlobalSection
	GlobalSection(SolutionProperties) = preSolution
		HideSolutionNode = FALSE
	EndGlobalSection
EndGlobal
